
Microsoft Visual Studio Solution File, Format Version 12.00
# Visual Studio 15
VisualStudioVersion = 15.0.26730.16
MinimumVisualStudioVersion = 10.0.40219.1
Project("{FAE04EC0-301F-11D3-BF4B-00C04F79EFBC}") = "Domain", "Domain\Domain.csproj", "{540F246F-932E-49CB-96FA-FB5A1B9F7AD5}"
EndProject
Project("{FAE04EC0-301F-11D3-BF4B-00C04F79EFBC}") = "DAL", "DAL\DAL.csproj", "{5660CEDB-2488-40FE-B2EB-07368F9B89EF}"
EndProject
Project("{FAE04EC0-301F-11D3-BF4B-00C04F79EFBC}") = "BL", "BL\BL.csproj", "{CDE27029-2A5D-4B76-B6EF-10AD576146D1}"
EndProject
Project("{FAE04EC0-301F-11D3-BF4B-00C04F79EFBC}") = "UI-CA", "UI-CA\UI-CA.csproj", "{62598186-4A1B-483A-86DA-3CEE215917C9}"
EndProject
Project("{FAE04EC0-301F-11D3-BF4B-00C04F79EFBC}") = "UI-MVC", "UI-MVC\UI-MVC.csproj", "{782D9D9E-CCA3-4E10-ADF0-BBEFBB2CA87C}"
EndProject
Global
	GlobalSection(SolutionConfigurationPlatforms) = preSolution
		Debug|Any CPU = Debug|Any CPU
		Release|Any CPU = Release|Any CPU
	EndGlobalSection
	GlobalSection(ProjectConfigurationPlatforms) = postSolution
		{540F246F-932E-49CB-96FA-FB5A1B9F7AD5}.Debug|Any CPU.ActiveCfg = Debug|Any CPU
		{540F246F-932E-49CB-96FA-FB5A1B9F7AD5}.Debug|Any CPU.Build.0 = Debug|Any CPU
		{540F246F-932E-49CB-96FA-FB5A1B9F7AD5}.Release|Any CPU.ActiveCfg = Release|Any CPU
		{540F246F-932E-49CB-96FA-FB5A1B9F7AD5}.Release|Any CPU.Build.0 = Release|Any CPU
		{5660CEDB-2488-40FE-B2EB-07368F9B89EF}.Debug|Any CPU.ActiveCfg = Debug|Any CPU
		{5660CEDB-2488-40FE-B2EB-07368F9B89EF}.Debug|Any CPU.Build.0 = Debug|Any CPU
		{5660CEDB-2488-40FE-B2EB-07368F9B89EF}.Release|Any CPU.ActiveCfg = Release|Any CPU
		{5660CEDB-2488-40FE-B2EB-07368F9B89EF}.Release|Any CPU.Build.0 = Release|Any CPU
		{CDE27029-2A5D-4B76-B6EF-10AD576146D1}.Debug|Any CPU.ActiveCfg = Debug|Any CPU
		{CDE27029-2A5D-4B76-B6EF-10AD576146D1}.Debug|Any CPU.Build.0 = Debug|Any CPU
		{CDE27029-2A5D-4B76-B6EF-10AD576146D1}.Release|Any CPU.ActiveCfg = Release|Any CPU
		{CDE27029-2A5D-4B76-B6EF-10AD576146D1}.Release|Any CPU.Build.0 = Release|Any CPU
		{62598186-4A1B-483A-86DA-3CEE215917C9}.Debug|Any CPU.ActiveCfg = Debug|Any CPU
		{62598186-4A1B-483A-86DA-3CEE215917C9}.Debug|Any CPU.Build.0 = Debug|Any CPU
		{62598186-4A1B-483A-86DA-3CEE215917C9}.Release|Any CPU.ActiveCfg = Release|Any CPU
		{62598186-4A1B-483A-86DA-3CEE215917C9}.Release|Any CPU.Build.0 = Release|Any CPU
		{782D9D9E-CCA3-4E10-ADF0-BBEFBB2CA87C}.Debug|Any CPU.ActiveCfg = Debug|Any CPU
		{782D9D9E-CCA3-4E10-ADF0-BBEFBB2CA87C}.Debug|Any CPU.Build.0 = Debug|Any CPU
		{782D9D9E-CCA3-4E10-ADF0-BBEFBB2CA87C}.Release|Any CPU.ActiveCfg = Release|Any CPU
		{782D9D9E-CCA3-4E10-ADF0-BBEFBB2CA87C}.Release|Any CPU.Build.0 = Release|Any CPU
	EndGlobalSection
	GlobalSection(SolutionProperties) = preSolution
		HideSolutionNode = FALSE
	EndGlobalSection
	GlobalSection(ExtensibilityGlobals) = postSolution
		SolutionGuid = {9FF31C89-6D81-425B-A22D-DFC8FE08E2E5}
	EndGlobalSection
EndGlobal
