
Microsoft Visual Studio Solution File, Format Version 12.00
# Visual Studio 15
VisualStudioVersion = 15.0.27130.2036
MinimumVisualStudioVersion = 10.0.40219.1
Project("{FAE04EC0-301F-11D3-BF4B-00C04F79EFBC}") = "Domain", "Domain\Domain.csproj", "{540F246F-932E-49CB-96FA-FB5A1B9F7AD5}"
EndProject
Project("{FAE04EC0-301F-11D3-BF4B-00C04F79EFBC}") = "DAL", "DAL\DAL.csproj", "{5660CEDB-2488-40FE-B2EB-07368F9B89EF}"
EndProject
Project("{FAE04EC0-301F-11D3-BF4B-00C04F79EFBC}") = "BL", "BL\BL.csproj", "{CDE27029-2A5D-4B76-B6EF-10AD576146D1}"
EndProject
Project("{FAE04EC0-301F-11D3-BF4B-00C04F79EFBC}") = "UI-CA", "UI-CA\UI-CA.csproj", "{62598186-4A1B-483A-86DA-3CEE215917C9}"
EndProject
Project("{FAE04EC0-301F-11D3-BF4B-00C04F79EFBC}") = "UI-MVC", "UI-MVC\UI-MVC.csproj", "{80DB210F-21F0-420F-8DC4-87571BA38470}"
EndProject
Project("{FAE04EC0-301F-11D3-BF4B-00C04F79EFBC}") = "WCF", "WCF\WCF.csproj", "{41364E09-07CB-4BA5-B62C-11EF7AA7A6BC}"
EndProject
Global
	GlobalSection(SolutionConfigurationPlatforms) = preSolution
		Debug|Any CPU = Debug|Any CPU
		Release|Any CPU = Release|Any CPU
	EndGlobalSection
	GlobalSection(ProjectConfigurationPlatforms) = postSolution
		{540F246F-932E-49CB-96FA-FB5A1B9F7AD5}.Debug|Any CPU.ActiveCfg = Debug|Any CPU
		{540F246F-932E-49CB-96FA-FB5A1B9F7AD5}.Debug|Any CPU.Build.0 = Debug|Any CPU
		{540F246F-932E-49CB-96FA-FB5A1B9F7AD5}.Release|Any CPU.ActiveCfg = Release|Any CPU
		{540F246F-932E-49CB-96FA-FB5A1B9F7AD5}.Release|Any CPU.Build.0 = Release|Any CPU
		{5660CEDB-2488-40FE-B2EB-07368F9B89EF}.Debug|Any CPU.ActiveCfg = Debug|Any CPU
		{5660CEDB-2488-40FE-B2EB-07368F9B89EF}.Debug|Any CPU.Build.0 = Debug|Any CPU
		{5660CEDB-2488-40FE-B2EB-07368F9B89EF}.Release|Any CPU.ActiveCfg = Release|Any CPU
		{5660CEDB-2488-40FE-B2EB-07368F9B89EF}.Release|Any CPU.Build.0 = Release|Any CPU
		{CDE27029-2A5D-4B76-B6EF-10AD576146D1}.Debug|Any CPU.ActiveCfg = Debug|Any CPU
		{CDE27029-2A5D-4B76-B6EF-10AD576146D1}.Debug|Any CPU.Build.0 = Debug|Any CPU
		{CDE27029-2A5D-4B76-B6EF-10AD576146D1}.Release|Any CPU.ActiveCfg = Release|Any CPU
		{CDE27029-2A5D-4B76-B6EF-10AD576146D1}.Release|Any CPU.Build.0 = Release|Any CPU
		{62598186-4A1B-483A-86DA-3CEE215917C9}.Debug|Any CPU.ActiveCfg = Debug|Any CPU
		{62598186-4A1B-483A-86DA-3CEE215917C9}.Debug|Any CPU.Build.0 = Debug|Any CPU
		{62598186-4A1B-483A-86DA-3CEE215917C9}.Release|Any CPU.ActiveCfg = Release|Any CPU
		{62598186-4A1B-483A-86DA-3CEE215917C9}.Release|Any CPU.Build.0 = Release|Any CPU
		{80DB210F-21F0-420F-8DC4-87571BA38470}.Debug|Any CPU.ActiveCfg = Debug|Any CPU
		{80DB210F-21F0-420F-8DC4-87571BA38470}.Debug|Any CPU.Build.0 = Debug|Any CPU
		{80DB210F-21F0-420F-8DC4-87571BA38470}.Release|Any CPU.ActiveCfg = Release|Any CPU
		{80DB210F-21F0-420F-8DC4-87571BA38470}.Release|Any CPU.Build.0 = Release|Any CPU
		{41364E09-07CB-4BA5-B62C-11EF7AA7A6BC}.Debug|Any CPU.ActiveCfg = Debug|Any CPU
		{41364E09-07CB-4BA5-B62C-11EF7AA7A6BC}.Debug|Any CPU.Build.0 = Debug|Any CPU
		{41364E09-07CB-4BA5-B62C-11EF7AA7A6BC}.Release|Any CPU.ActiveCfg = Release|Any CPU
		{41364E09-07CB-4BA5-B62C-11EF7AA7A6BC}.Release|Any CPU.Build.0 = Release|Any CPU
	EndGlobalSection
	GlobalSection(SolutionProperties) = preSolution
		HideSolutionNode = FALSE
	EndGlobalSection
	GlobalSection(ExtensibilityGlobals) = postSolution
		SolutionGuid = {3320EF0F-C316-4F80-9F2A-EFB6B70E4BAF}
	EndGlobalSection
EndGlobal
